{
  "name": "backend",
  "lockfileVersion": 3,
  "requires": true,
  "packages": {
    "": {
      "dependencies": {
        "expo-camera": "^55.0.16",
        "expo-image-picker": "^55.0.19"
      }
    },
    "node_modules/@types/emscripten": {
      "version": "1.41.5",
      "resolved": "https://registry.npmjs.org/@types/emscripten/-/emscripten-1.41.5.tgz",
      "integrity": "sha512-cMQm7pxu6BxtHyqJ7mQZ2kXWV5SLmugybFdHCBbJ5eHzOo6VhBckEgAT3//rP5FwPHNPeEiq4SmQ5ucBwsOo4Q==",
      "license": "MIT"
    },
    "node_modules/barcode-detector": {
      "version": "3.1.2",
      "resolved": "https://registry.npmjs.org/barcode-detector/-/barcode-detector-3.1.2.tgz",
      "integrity": "sha512-Q5kjXpVH5I3ItykNzbWmfWnNryFN1ZTWp10k9/PKJuS0RnoKR7jTrHEJODR4fn04bRomq7TJwie/Dr9fj/GoGQ==",
      "license": "MIT",
      "dependencies": {
        "zxing-wasm": "3.0.2"
      }
    },
    "node_modules/expo-camera": {
      "version": "55.0.16",
      "resolved": "https://registry.npmjs.org/expo-camera/-/expo-camera-55.0.16.tgz",
      "integrity": "sha512-9c6FGrLVwMLyQ08wqwkH7DXAC8Oj1VD0LXM4hFu62Nuq2f2zIAZwsXxG7J5ex+HHHAGyligGGi6VJWuiib9qNg==",
      "license": "MIT",
      "dependencies": {
        "barcode-detector": "^3.0.0"
      },
      "peerDependencies": {
        "expo": "*",
        "react": "*",
        "react-native": "*",
        "react-native-web": "*"
      },
      "peerDependenciesMeta": {
        "react-native-web": {
          "optional": true
        }
      }
    },
    "node_modules/expo-image-loader": {
      "version": "55.0.0",
      "resolved": "https://registry.npmjs.org/expo-image-loader/-/expo-image-loader-55.0.0.tgz",
      "integrity": "sha512-NOjp56wDrfuA5aiNAybBIjqIn1IxKeGJ8CECWZncQ/GzjZfyTYAHTCyeApYkdKkMBLHINzI4BbTGSlbCa0fXXQ==",
      "license": "MIT",
      "peerDependencies": {
        "expo": "*"
      }
    },
    "node_modules/expo-image-picker": {
      "version": "55.0.19",
      "resolved": "https://registry.npmjs.org/expo-image-picker/-/expo-image-picker-55.0.19.tgz",
      "integrity": "sha512-PqOOfRz7+hbB9IFN0LfNxpJJwuPlUG0Abr0qM3Wc61OJ7FFyuKJ50QJ/fFItzSuoXifET1YIFBiXx5nA8Gkinw==",
      "license": "MIT",
      "dependencies": {
        "expo-image-loader": "~55.0.0"
      },
      "peerDependencies": {
        "expo": "*"
      }
    },
    "node_modules/tagged-tag": {
      "version": "1.0.0",
      "resolved": "https://registry.npmjs.org/tagged-tag/-/tagged-tag-1.0.0.tgz",
      "integrity": "sha512-yEFYrVhod+hdNyx7g5Bnkkb0G6si8HJurOoOEgC8B/O0uXLHlaey/65KRv6cuWBNhBgHKAROVpc7QyYqE5gFng==",
      "license": "MIT",
      "engines": {
        "node": ">=20"
      },
      "funding": {
        "url": "https://github.com/sponsors/sindresorhus"
      }
    },
    "node_modules/type-fest": {
      "version": "5.6.0",
      "resolved": "https://registry.npmjs.org/type-fest/-/type-fest-5.6.0.tgz",
      "integrity": "sha512-8ZiHFm91orbSAe2PSAiSVBVko18pbhbiB3U9GglSzF/zCGkR+rxpHx6sEMCUm4kxY4LjDIUGgCfUMtwfZfjfUA==",
      "license": "(MIT OR CC0-1.0)",
      "dependencies": {
        "tagged-tag": "^1.0.0"
      },
      "engines": {
        "node": ">=20"
      },
      "funding": {
        "url": "https://github.com/sponsors/sindresorhus"
      }
    },
    "node_modules/zxing-wasm": {
      "version": "3.0.2",
      "resolved": "https://registry.npmjs.org/zxing-wasm/-/zxing-wasm-3.0.2.tgz",
      "integrity": "sha512-2YMAriaYHX9wrBY2k7H0epSo+dyCaCZg/vOtt+nEDXM9ul480gkXz/9SkwpOeHcD2H5qqDG8lWDSBwpTcZpa6w==",
      "license": "MIT",
      "dependencies": {
        "@types/emscripten": "^1.41.5",
        "type-fest": "^5.5.0"
      },
      "peerDependencies": {
        "@types/emscripten": ">=1.39.6"
      }
    }
  }
}
